PODS:
  - Charts (3.2.2):
    - Charts/Core (= 3.2.2)
  - Charts/Core (3.2.2)
  - YoutubePlayer-in-WKWebView (0.2.5)

DEPENDENCIES:
  - Charts
  - YoutubePlayer-in-WKWebView (~> 0.2.0)

SPEC REPOS:
  https://github.com/cocoapods/specs.git:
    - Charts
    - YoutubePlayer-in-WKWebView

SPEC CHECKSUMS:
  Charts: f69cf0518b6d1d62608ca504248f1bbe0b6ae77e
  YoutubePlayer-in-WKWebView: 4dad12b3ece938a6456fa4374df78942f88b485a

PODFILE CHECKSUM: 4f379bcf05856fe266a6d81d811f2795f17f83a1

COCOAPODS: 1.6.1
